
Microsoft Visual Studio Solution File, Format Version 12.00
# Visual Studio Version 16
VisualStudioVersion = 16.0.31424.327
MinimumVisualStudioVersion = 10.0.40219.1
Project("{FAE04EC0-301F-11D3-BF4B-00C04F79EFBC}") = "Mod.BuyersDashboard.ElsLoader", "Mod.BuyersDashboard.ElsLoader\Mod.BuyersDashboard.ElsLoader.csproj", "{3C79C208-0010-4C3B-BD0C-65043E912B75}"
EndProject
Project("{9A19103F-16F7-4668-BE54-9A1E7A4F7556}") = "Mod.BuyersDashboard.ApiNode", "Mod.BuyersDashboard.ApiNode1\Mod.BuyersDashboard.ApiNode.csproj", "{DBC91F1F-C4B3-42C2-8D74-D7200BEDCBED}"
EndProject
Project("{9A19103F-16F7-4668-BE54-9A1E7A4F7556}") = "Mod.BuyersDashboard.Client", "Mod.BuyersDashboard.Client\Mod.BuyersDashboard.Client.csproj", "{DD6AF108-7D25-4185-83B4-E82562AB3E14}"
EndProject
Project("{2150E333-8FDC-42A3-9474-1A3956D46DE8}") = "Docs", "Docs", "{DF3E40F2-868A-4EFD-B59B-E67908CC2E20}"
	ProjectSection(SolutionItems) = preProject
		C:\Users\U04142_P\Desktop\אפיון שדות SAP.docx = C:\Users\U04142_P\Desktop\אפיון שדות SAP.docx
	EndProjectSection
EndProject
Global
	GlobalSection(SolutionConfigurationPlatforms) = preSolution
		Debug|Any CPU = Debug|Any CPU
		Release|Any CPU = Release|Any CPU
	EndGlobalSection
	GlobalSection(ProjectConfigurationPlatforms) = postSolution
		{3C79C208-0010-4C3B-BD0C-65043E912B75}.Debug|Any CPU.ActiveCfg = Debug|Any CPU
		{3C79C208-0010-4C3B-BD0C-65043E912B75}.Debug|Any CPU.Build.0 = Debug|Any CPU
		{3C79C208-0010-4C3B-BD0C-65043E912B75}.Release|Any CPU.ActiveCfg = Release|Any CPU
		{3C79C208-0010-4C3B-BD0C-65043E912B75}.Release|Any CPU.Build.0 = Release|Any CPU
		{DBC91F1F-C4B3-42C2-8D74-D7200BEDCBED}.Debug|Any CPU.ActiveCfg = Debug|Any CPU
		{DBC91F1F-C4B3-42C2-8D74-D7200BEDCBED}.Release|Any CPU.ActiveCfg = Release|Any CPU
		{DBC91F1F-C4B3-42C2-8D74-D7200BEDCBED}.Release|Any CPU.Build.0 = Release|Any CPU
		{DD6AF108-7D25-4185-83B4-E82562AB3E14}.Debug|Any CPU.ActiveCfg = Debug|Any CPU
		{DD6AF108-7D25-4185-83B4-E82562AB3E14}.Release|Any CPU.ActiveCfg = Release|Any CPU
		{DD6AF108-7D25-4185-83B4-E82562AB3E14}.Release|Any CPU.Build.0 = Release|Any CPU
	EndGlobalSection
	GlobalSection(SolutionProperties) = preSolution
		HideSolutionNode = FALSE
	EndGlobalSection
	GlobalSection(ExtensibilityGlobals) = postSolution
		SolutionGuid = {3207BF70-F2F5-4745-AE03-784CD7330A05}
	EndGlobalSection
	GlobalSection(TeamFoundationVersionControl) = preSolution
		SccNumberOfProjects = 4
		SccEnterpriseProvider = {4CA58AB2-18FA-4F8D-95D4-32DDF27D184C}
		SccTeamFoundationServer = http://modtfsp:8080/tfs/defaultcollection
		SccProjectUniqueName0 = Mod.BuyersDashboard.ElsLoader\\Mod.BuyersDashboard.ElsLoader.csproj
		SccProjectName0 = Mod.BuyersDashboard.ElsLoader
		SccLocalPath0 = Mod.BuyersDashboard.ElsLoader
		SccLocalPath1 = .
		SccProjectUniqueName2 = Mod.BuyersDashboard.ApiNode1\\Mod.BuyersDashboard.ApiNode.csproj
		SccProjectName2 = Mod.BuyersDashboard.ApiNode1
		SccLocalPath2 = Mod.BuyersDashboard.ApiNode1
		SccProjectUniqueName3 = Mod.BuyersDashboard.Client\\Mod.BuyersDashboard.Client.csproj
		SccProjectName3 = Mod.BuyersDashboard.Client
		SccLocalPath3 = Mod.BuyersDashboard.Client
	EndGlobalSection
EndGlobal
